// !$*UTF8*$!
{
	archiveVersion = 1;
	classes = {
	};
	objectVersion = 50;
	objects = {

/* Begin PBXBuildFile section */
		F785F7AD2535E9AC00FBBB79 /* AppDelegate.swift in Sources */ = {isa = PBXBuildFile; fileRef = F785F7AC2535E9AC00FBBB79 /* AppDelegate.swift */; };
		F785F7AF2535E9AC00FBBB79 /* SceneDelegate.swift in Sources */ = {isa = PBXBuildFile; fileRef = F785F7AE2535E9AC00FBBB79 /* SceneDelegate.swift */; };
		F785F7B12535E9AC00FBBB79 /* ViewController.swift in Sources */ = {isa = PBXBuildFile; fileRef = F785F7B02535E9AC00FBBB79 /* ViewController.swift */; };
		F785F7B42535E9AC00FBBB79 /* Main.storyboard in Resources */ = {isa = PBXBuildFile; fileRef = F785F7B22535E9AC00FBBB79 /* Main.storyboard */; };
		F785F7B62535E9AD00FBBB79 /* Assets.xcassets in Resources */ = {isa = PBXBuildFile; fileRef = F785F7B52535E9AD00FBBB79 /* Assets.xcassets */; };
		F785F7B92535E9AD00FBBB79 /* LaunchScreen.storyboard in Resources */ = {isa = PBXBuildFile; fileRef = F785F7B72535E9AD00FBBB79 /* LaunchScreen.storyboard */; };
/* End PBXBuildFile section */

/* Begin PBXFileReference section */
		F785F7A92535E9AC00FBBB79 /* Two Constraints.app */ = {isa = PBXFileReference; explicitFileType = wrapper.application; includeInIndex = 0; path = "Two Constraints.app"; sourceTree = BUILT_PRODUCTS_DIR; };
		F785F7AC2535E9AC00FBBB79 /* AppDelegate.swift */ = {isa = PBXFileReference; lastKnownFileType = sourcecode.swift; path = AppDelegate.swift; sourceTree = "<group>"; };
		F785F7AE2535E9AC00FBBB79 /* SceneDelegate.swift */ = {isa = PBXFileReference; lastKnownFileType = sourcecode.swift; path = SceneDelegate.swift; sourceTree = "<group>"; };
		F785F7B02535E9AC00FBBB79 /* ViewController.swift */ = {isa = PBXFileReference; lastKnownFileType = sourcecode.swift; path = ViewController.swift; sourceTree = "<group>"; };
		F785F7B32535E9AC00FBBB79 /* Base */ = {isa = PBXFileReference; lastKnownFileType = file.storyboard; name = Base; path = Base.lproj/Main.storyboard; sourceTree = "<group>"; };
		F785F7B52535E9AD00FBBB79 /* Assets.xcassets */ = {isa = PBXFileReference; lastKnownFileType = folder.assetcatalog; path = Assets.xcassets; sourceTree = "<group>"; };
		F785F7B82535E9AD00FBBB79 /* Base */ = {isa = PBXFileReference; lastKnownFileType = file.storyboard; name = Base; path = Base.lproj/LaunchScreen.storyboard; sourceTree = "<group>"; };
		F785F7BA2535E9AD00FBBB79 /* Info.plist */ = {isa = PBXFileReference; lastKnownFileType = text.plist.xml; path = Info.plist; sourceTree = "<group>"; };
/* End PBXFileReference section */

/* Begin PBXFrameworksBuildPhase section */
		F785F7A62535E9AC00FBBB79 /* Frameworks */ = {
			isa = PBXFrameworksBuildPhase;
			buildActionMask = 2147483647;
			files = (
			);
			runOnlyForDeploymentPostprocessing = 0;
		};
/* End PBXFrameworksBuildPhase section */

/* Begin PBXGroup section */
		F785F7A02535E9AC00FBBB79 = {
			isa = PBXGroup;
			children = (
				F785F7AB2535E9AC00FBBB79 /* Two Constraints */,
				F785F7AA2535E9AC00FBBB79 /* Products */,
			);
			sourceTree = "<group>";
		};
		F785F7AA2535E9AC00FBBB79 /* Products */ = {
			isa = PBXGroup;
			children = (
				F785F7A92535E9AC00FBBB79 /* Two Constraints.app */,
			);
			name = Products;
			sourceTree = "<group>";
		};
		F785F7AB2535E9AC00FBBB79 /* Two Constraints */ = {
			isa = PBXGroup;
			children = (
				F785F7AC2535E9AC00FBBB79 /* AppDelegate.swift */,
				F785F7AE2535E9AC00FBBB79 /* SceneDelegate.swift */,
				F785F7B02535E9AC00FBBB79 /* ViewController.swift */,
				F785F7B22535E9AC00FBBB79 /* Main.storyboard */,
				F785F7B52535E9AD00FBBB79 /* Assets.xcassets */,
				F785F7B72535E9AD00FBBB79 /* LaunchScreen.storyboard */,
				F785F7BA2535E9AD00FBBB79 /* Info.plist */,
			);
			path = "Two Constraints";
			sourceTree = "<group>";
		};
/* End PBXGroup section */

/* Begin PBXNativeTarget section */
		F785F7A82535E9AC00FBBB79 /* Two Constraints */ = {
			isa = PBXNativeTarget;
			buildConfigurationList = F785F7BD2535E9AD00FBBB79 /* Build configuration list for PBXNativeTarget "Two Constraints" */;
			buildPhases = (
				F785F7A52535E9AC00FBBB79 /* Sources */,
				F785F7A62535E9AC00FBBB79 /* Frameworks */,
				F785F7A72535E9AC00FBBB79 /* Resources */,
			);
			buildRules = (
			);
			dependencies = (
			);
			name = "Two Constraints";
			productName = "Two Constraints";
			productReference = F785F7A92535E9AC00FBBB79 /* Two Constraints.app */;
			productType = "com.apple.product-type.application";
		};
/* End PBXNativeTarget section */

/* Begin PBXProject section */
		F785F7A12535E9AC00FBBB79 /* Project object */ = {
			isa = PBXProject;
			attributes = {
				LastSwiftUpdateCheck = 1200;
				LastUpgradeCheck = 1200;
				TargetAttributes = {
					F785F7A82535E9AC00FBBB79 = {
						CreatedOnToolsVersion = 12.0.1;
					};
				};
			};
			buildConfigurationList = F785F7A42535E9AC00FBBB79 /* Build configuration list for PBXProject "Two Constraints" */;
			compatibilityVersion = "Xcode 9.3";
			developmentRegion = en;
			hasScannedForEncodings = 0;
			knownRegions = (
				en,
				Base,
			);
			mainGroup = F785F7A02535E9AC00FBBB79;
			productRefGroup = F785F7AA2535E9AC00FBBB79 /* Products */;
			projectDirPath = "";
			projectRoot = "";
			targets = (
				F785F7A82535E9AC00FBBB79 /* Two Constraints */,
			);
		};
/* End PBXProject section */

/* Begin PBXResourcesBuildPhase section */
		F785F7A72535E9AC00FBBB79 /* Resources */ = {
			isa = PBXResourcesBuildPhase;
			buildActionMask = 2147483647;
			files = (
				F785F7B92535E9AD00FBBB79 /* LaunchScreen.storyboard in Resources */,
				F785F7B62535E9AD00FBBB79 /* Assets.xcassets in Resources */,
				F785F7B42535E9AC00FBBB79 /* Main.storyboard in Resources */,
			);
			runOnlyForDeploymentPostprocessing = 0;
		};
/* End PBXResourcesBuildPhase section */

/* Begin PBXSourcesBuildPhase section */
		F785F7A52535E9AC00FBBB79 /* Sources */ = {
			isa = PBXSourcesBuildPhase;
			buildActionMask = 2147483647;
			files = (
				F785F7B12535E9AC00FBBB79 /* ViewController.swift in Sources */,
				F785F7AD2535E9AC00FBBB79 /* AppDelegate.swift in Sources */,
				F785F7AF2535E9AC00FBBB79 /* SceneDelegate.swift in Sources */,
			);
			runOnlyForDeploymentPostprocessing = 0;
		};
/* End PBXSourcesBuildPhase section */

/* Begin PBXVariantGroup section */
		F785F7B22535E9AC00FBBB79 /* Main.storyboard */ = {
			isa = PBXVariantGroup;
			children = (
				F785F7B32535E9AC00FBBB79 /* Base */,
			);
			name = Main.storyboard;
			sourceTree = "<group>";
		};
		F785F7B72535E9AD00FBBB79 /* LaunchScreen.storyboard */ = {
			isa = PBXVariantGroup;
			children = (
				F785F7B82535E9AD00FBBB79 /* Base */,
			);
			name = LaunchScreen.storyboard;
			sourceTree = "<group>";
		};
/* End PBXVariantGroup section */

/* Begin XCBuildConfiguration section */
		F785F7BB2535E9AD00FBBB79 /* Debug */ = {
			isa = XCBuildConfiguration;
			buildSettings = {
				ALWAYS_SEARCH_USER_PATHS = NO;
				CLANG_ANALYZER_NONNULL = YES;
				CLANG_ANALYZER_NUMBER_OBJECT_CONVERSION = YES_AGGRESSIVE;
				CLANG_CXX_LANGUAGE_STANDARD = "gnu++14";
				CLANG_CXX_LIBRARY = "libc++";
				CLANG_ENABLE_MODULES = YES;
				CLANG_ENABLE_OBJC_ARC = YES;
				CLANG_ENABLE_OBJC_WEAK = YES;
				CLANG_WARN_BLOCK_CAPTURE_AUTORELEASING = YES;
				CLANG_WARN_BOOL_CONVERSION = YES;
				CLANG_WARN_COMMA = YES;
				CLANG_WARN_CONSTANT_CONVERSION = YES;
				CLANG_WARN_DEPRECATED_OBJC_IMPLEMENTATIONS = YES;
				CLANG_WARN_DIRECT_OBJC_ISA_USAGE = YES_ERROR;
				CLANG_WARN_DOCUMENTATION_COMMENTS = YES;
				CLANG_WARN_EMPTY_BODY = YES;
				CLANG_WARN_ENUM_CONVERSION = YES;
				CLANG_WARN_INFINITE_RECURSION = YES;
				CLANG_WARN_INT_CONVERSION = YES;
				CLANG_WARN_NON_LITERAL_NULL_CONVERSION = YES;
				CLANG_WARN_OBJC_IMPLICIT_RETAIN_SELF = YES;
				CLANG_WARN_OBJC_LITERAL_CONVERSION = YES;
				CLANG_WARN_OBJC_ROOT_CLASS = YES_ERROR;
				CLANG_WARN_QUOTED_INCLUDE_IN_FRAMEWORK_HEADER = YES;
				CLANG_WARN_RANGE_LOOP_ANALYSIS = YES;
				CLANG_WARN_STRICT_PROTOTYPES = YES;
				CLANG_WARN_SUSPICIOUS_MOVE = YES;
				CLANG_WARN_UNGUARDED_AVAILABILITY = YES_AGGRESSIVE;
				CLANG_WARN_UNREACHABLE_CODE = YES;
				CLANG_WARN__DUPLICATE_METHOD_MATCH = YES;
				COPY_PHASE_STRIP = NO;
				DEBUG_INFORMATION_FORMAT = dwarf;
				ENABLE_STRICT_OBJC_MSGSEND = YES;
				ENABLE_TESTABILITY = YES;
				GCC_C_LANGUAGE_STANDARD = gnu11;
				GCC_DYNAMIC_NO_PIC = NO;
				GCC_NO_COMMON_BLOCKS = YES;
				GCC_OPTIMIZATION_LEVEL = 0;
				GCC_PREPROCESSOR_DEFINITIONS = (
					"DEBUG=1",
					"$(inherited)",
				);
				GCC_WARN_64_TO_32_BIT_CONVERSION = YES;
				GCC_WARN_ABOUT_RETURN_TYPE = YES_ERROR;
				GCC_WARN_UNDECLARED_SELECTOR = YES;
				GCC_WARN_UNINITIALIZED_AUTOS = YES_AGGRESSIVE;
				GCC_WARN_UNUSED_FUNCTION = YES;
				GCC_WARN_UNUSED_VARIABLE = YES;
				IPHONEOS_DEPLOYMENT_TARGET = 14.0;
				MTL_ENABLE_DEBUG_INFO = INCLUDE_SOURCE;
				MTL_FAST_MATH = YES;
				ONLY_ACTIVE_ARCH = YES;
				SDKROOT = iphoneos;
				SWIFT_ACTIVE_COMPILATION_CONDITIONS = DEBUG;
				SWIFT_OPTIMIZATION_LEVEL = "-Onone";
			};
			name = Debug;
		};
		F785F7BC2535E9AD00FBBB79 /* Release */ = {
			isa = XCBuildConfiguration;
			buildSettings = {
				ALWAYS_SEARCH_USER_PATHS = NO;
				CLANG_ANALYZER_NONNULL = YES;
				CLANG_ANALYZER_NUMBER_OBJECT_CONVERSION = YES_AGGRESSIVE;
				CLANG_CXX_LANGUAGE_STANDARD = "gnu++14";
				CLANG_CXX_LIBRARY = "libc++";
				CLANG_ENABLE_MODULES = YES;
				CLANG_ENABLE_OBJC_ARC = YES;
				CLANG_ENABLE_OBJC_WEAK = YES;
				CLANG_WARN_BLOCK_CAPTURE_AUTORELEASING = YES;
				CLANG_WARN_BOOL_CONVERSION = YES;
				CLANG_WARN_COMMA = YES;
				CLANG_WARN_CONSTANT_CONVERSION = YES;
				CLANG_WARN_DEPRECATED_OBJC_IMPLEMENTATIONS = YES;
				CLANG_WARN_DIRECT_OBJC_ISA_USAGE = YES_ERROR;
				CLANG_WARN_DOCUMENTATION_COMMENTS = YES;
				CLANG_WARN_EMPTY_BODY = YES;
				CLANG_WARN_ENUM_CONVERSION = YES;
				CLANG_WARN_INFINITE_RECURSION = YES;
				CLANG_WARN_INT_CONVERSION = YES;
				CLANG_WARN_NON_LITERAL_NULL_CONVERSION = YES;
				CLANG_WARN_OBJC_IMPLICIT_RETAIN_SELF = YES;
				CLANG_WARN_OBJC_LITERAL_CONVERSION = YES;
				CLANG_WARN_OBJC_ROOT_CLASS = YES_ERROR;
				CLANG_WARN_QUOTED_INCLUDE_IN_FRAMEWORK_HEADER = YES;
				CLANG_WARN_RANGE_LOOP_ANALYSIS = YES;
				CLANG_WARN_STRICT_PROTOTYPES = YES;
				CLANG_WARN_SUSPICIOUS_MOVE = YES;
				CLANG_WARN_UNGUARDED_AVAILABILITY = YES_AGGRESSIVE;
				CLANG_WARN_UNREACHABLE_CODE = YES;
				CLANG_WARN__DUPLICATE_METHOD_MATCH = YES;
				COPY_PHASE_STRIP = NO;
				DEBUG_INFORMATION_FORMAT = "dwarf-with-dsym";
				ENABLE_NS_ASSERTIONS = NO;
				ENABLE_STRICT_OBJC_MSGSEND = YES;
				GCC_C_LANGUAGE_STANDARD = gnu11;
				GCC_NO_COMMON_BLOCKS = YES;
				GCC_WARN_64_TO_32_BIT_CONVERSION = YES;
				GCC_WARN_ABOUT_RETURN_TYPE = YES_ERROR;
				GCC_WARN_UNDECLARED_SELECTOR = YES;
				GCC_WARN_UNINITIALIZED_AUTOS = YES_AGGRESSIVE;
				GCC_WARN_UNUSED_FUNCTION = YES;
				GCC_WARN_UNUSED_VARIABLE = YES;
				IPHONEOS_DEPLOYMENT_TARGET = 14.0;
				MTL_ENABLE_DEBUG_INFO = NO;
				MTL_FAST_MATH = YES;
				SDKROOT = iphoneos;
				SWIFT_COMPILATION_MODE = wholemodule;
				SWIFT_OPTIMIZATION_LEVEL = "-O";
				VALIDATE_PRODUCT = YES;
			};
			name = Release;
		};
		F785F7BE2535E9AD00FBBB79 /* Debug */ = {
			isa = XCBuildConfiguration;
			buildSettings = {
				ASSETCATALOG_COMPILER_APPICON_NAME = AppIcon;
				ASSETCATALOG_COMPILER_GLOBAL_ACCENT_COLOR_NAME = AccentColor;
				CODE_SIGN_STYLE = Automatic;
				DEVELOPMENT_TEAM = 9XRGL3S87P;
				INFOPLIST_FILE = "Two Constraints/Info.plist";
				LD_RUNPATH_SEARCH_PATHS = (
					"$(inherited)",
					"@executable_path/Frameworks",
				);
				PRODUCT_BUNDLE_IDENTIFIER = "ru.swoftbook.Two-Constraints";
				PRODUCT_NAME = "$(TARGET_NAME)";
				SWIFT_VERSION = 5.0;
				TARGETED_DEVICE_FAMILY = "1,2";
			};
			name = Debug;
		};
		F785F7BF2535E9AD00FBBB79 /* Release */ = {
			isa = XCBuildConfiguration;
			buildSettings = {
				ASSETCATALOG_COMPILER_APPICON_NAME = AppIcon;
				ASSETCATALOG_COMPILER_GLOBAL_ACCENT_COLOR_NAME = AccentColor;
				CODE_SIGN_STYLE = Automatic;
				DEVELOPMENT_TEAM = 9XRGL3S87P;
				INFOPLIST_FILE = "Two Constraints/Info.plist";
				LD_RUNPATH_SEARCH_PATHS = (
					"$(inherited)",
					"@executable_path/Frameworks",
				);
				PRODUCT_BUNDLE_IDENTIFIER = "ru.swoftbook.Two-Constraints";
				PRODUCT_NAME = "$(TARGET_NAME)";
				SWIFT_VERSION = 5.0;
				TARGETED_DEVICE_FAMILY = "1,2";
			};
			name = Release;
		};
/* End XCBuildConfiguration section */

/* Begin XCConfigurationList section */
		F785F7A42535E9AC00FBBB79 /* Build configuration list for PBXProject "Two Constraints" */ = {
			isa = XCConfigurationList;
			buildConfigurations = (
				F785F7BB2535E9AD00FBBB79 /* Debug */,
				F785F7BC2535E9AD00FBBB79 /* Release */,
			);
			defaultConfigurationIsVisible = 0;
			defaultConfigurationName = Release;
		};
		F785F7BD2535E9AD00FBBB79 /* Build configuration list for PBXNativeTarget "Two Constraints" */ = {
			isa = XCConfigurationList;
			buildConfigurations = (
				F785F7BE2535E9AD00FBBB79 /* Debug */,
				F785F7BF2535E9AD00FBBB79 /* Release */,
			);
			defaultConfigurationIsVisible = 0;
			defaultConfigurationName = Release;
		};
/* End XCConfigurationList section */
	};
	rootObject = F785F7A12535E9AC00FBBB79 /* Project object */;
}
